
Microsoft Visual Studio Solution File, Format Version 12.00
# Visual Studio Version 17
VisualStudioVersion = 17.1.32210.238
MinimumVisualStudioVersion = 10.0.40219.1
Project("{9A19103F-16F7-4668-BE54-9A1E7A4F7556}") = "QST.MicroERP.Core", "QST.MicroERP.Core\QST.MicroERP.Core.csproj", "{56BFB1EB-8B03-4218-84C3-ADA1CB181428}"
EndProject
Project("{9A19103F-16F7-4668-BE54-9A1E7A4F7556}") = "QST.MicroERP.DAL", "QST.MicroERP.DAL\QST.MicroERP.DAL.csproj", "{DCCC5EDC-0C7E-4D10-86AA-CBCAB7EC3B21}"
EndProject
Project("{9A19103F-16F7-4668-BE54-9A1E7A4F7556}") = "QST.MicroERP.Service", "QST.MicroERP.Service\QST.MicroERP.Service.csproj", "{9A5355FB-234A-43D4-890F-BD3BCA432910}"
EndProject
Project("{9A19103F-16F7-4668-BE54-9A1E7A4F7556}") = "QST.MicroERP.Tests", "QST.MicroERP.Tests\QST.MicroERP.Tests.csproj", "{7A631F3C-ACC3-4042-8564-7D2C8A2294A5}"
EndProject
Project("{9A19103F-16F7-4668-BE54-9A1E7A4F7556}") = "QST.MicroERP.WebAPI", "QST.MicroERP.WebAPI\QST.MicroERP.WebAPI.csproj", "{B146E1BF-AC11-4153-82D6-487ACC5D2686}"
EndProject
Global
	GlobalSection(SolutionConfigurationPlatforms) = preSolution
		Debug|Any CPU = Debug|Any CPU
		Release|Any CPU = Release|Any CPU
	EndGlobalSection
	GlobalSection(ProjectConfigurationPlatforms) = postSolution
		{56BFB1EB-8B03-4218-84C3-ADA1CB181428}.Debug|Any CPU.ActiveCfg = Debug|Any CPU
		{56BFB1EB-8B03-4218-84C3-ADA1CB181428}.Debug|Any CPU.Build.0 = Debug|Any CPU
		{56BFB1EB-8B03-4218-84C3-ADA1CB181428}.Release|Any CPU.ActiveCfg = Release|Any CPU
		{56BFB1EB-8B03-4218-84C3-ADA1CB181428}.Release|Any CPU.Build.0 = Release|Any CPU
		{DCCC5EDC-0C7E-4D10-86AA-CBCAB7EC3B21}.Debug|Any CPU.ActiveCfg = Debug|Any CPU
		{DCCC5EDC-0C7E-4D10-86AA-CBCAB7EC3B21}.Debug|Any CPU.Build.0 = Debug|Any CPU
		{DCCC5EDC-0C7E-4D10-86AA-CBCAB7EC3B21}.Release|Any CPU.ActiveCfg = Release|Any CPU
		{DCCC5EDC-0C7E-4D10-86AA-CBCAB7EC3B21}.Release|Any CPU.Build.0 = Release|Any CPU
		{9A5355FB-234A-43D4-890F-BD3BCA432910}.Debug|Any CPU.ActiveCfg = Debug|Any CPU
		{9A5355FB-234A-43D4-890F-BD3BCA432910}.Debug|Any CPU.Build.0 = Debug|Any CPU
		{9A5355FB-234A-43D4-890F-BD3BCA432910}.Release|Any CPU.ActiveCfg = Release|Any CPU
		{9A5355FB-234A-43D4-890F-BD3BCA432910}.Release|Any CPU.Build.0 = Release|Any CPU
		{7A631F3C-ACC3-4042-8564-7D2C8A2294A5}.Debug|Any CPU.ActiveCfg = Debug|Any CPU
		{7A631F3C-ACC3-4042-8564-7D2C8A2294A5}.Debug|Any CPU.Build.0 = Debug|Any CPU
		{7A631F3C-ACC3-4042-8564-7D2C8A2294A5}.Release|Any CPU.ActiveCfg = Release|Any CPU
		{7A631F3C-ACC3-4042-8564-7D2C8A2294A5}.Release|Any CPU.Build.0 = Release|Any CPU
		{B146E1BF-AC11-4153-82D6-487ACC5D2686}.Debug|Any CPU.ActiveCfg = Debug|Any CPU
		{B146E1BF-AC11-4153-82D6-487ACC5D2686}.Debug|Any CPU.Build.0 = Debug|Any CPU
		{B146E1BF-AC11-4153-82D6-487ACC5D2686}.Release|Any CPU.ActiveCfg = Release|Any CPU
		{B146E1BF-AC11-4153-82D6-487ACC5D2686}.Release|Any CPU.Build.0 = Release|Any CPU
	EndGlobalSection
	GlobalSection(SolutionProperties) = preSolution
		HideSolutionNode = FALSE
	EndGlobalSection
	GlobalSection(ExtensibilityGlobals) = postSolution
		SolutionGuid = {B6D4652E-25B5-4C58-B693-1F88A2E4C0C5}
	EndGlobalSection
EndGlobal
